// !$*UTF8*$!
{
	archiveVersion = 1;
	classes = {
	};
	objectVersion = 56;
	objects = {

/* Begin PBXBuildFile section */
		BB1901E32B4EAA7500B6E3A3 /* MainHotelCVCell.swift in Sources */ = {isa = PBXBuildFile; fileRef = BB1901E22B4EAA7500B6E3A3 /* MainHotelCVCell.swift */; };
		BB1901E52B4EBD7400B6E3A3 /* Extensions.swift in Sources */ = {isa = PBXBuildFile; fileRef = BB1901E42B4EBD7400B6E3A3 /* Extensions.swift */; };
		BB1901F12B4EC74100B6E3A3 /* SFPRODISPLAYBOLD.OTF in Resources */ = {isa = PBXBuildFile; fileRef = BB1901E82B4EC74100B6E3A3 /* SFPRODISPLAYBOLD.OTF */; };
		BB1901F52B4EC74100B6E3A3 /* SFPRODISPLAYREGULAR.OTF in Resources */ = {isa = PBXBuildFile; fileRef = BB1901EC2B4EC74100B6E3A3 /* SFPRODISPLAYREGULAR.OTF */; };
		BB1901F62B4EC74200B6E3A3 /* SFPRODISPLAYMEDIUM.OTF in Resources */ = {isa = PBXBuildFile; fileRef = BB1901ED2B4EC74100B6E3A3 /* SFPRODISPLAYMEDIUM.OTF */; };
		BB1B5FFC2B52D0C80055BCB0 /* NewTouristTVCell.swift in Sources */ = {isa = PBXBuildFile; fileRef = BB1B5FFB2B52D0C80055BCB0 /* NewTouristTVCell.swift */; };
		BB1B5FFE2B5318FD0055BCB0 /* MainHotelViewModel.swift in Sources */ = {isa = PBXBuildFile; fileRef = BB1B5FFD2B5318FD0055BCB0 /* MainHotelViewModel.swift */; };
		BB1B60002B5319960055BCB0 /* NetworkManager.swift in Sources */ = {isa = PBXBuildFile; fileRef = BB1B5FFF2B5319960055BCB0 /* NetworkManager.swift */; };
		BB1B60022B531B5E0055BCB0 /* MainHotelModel.swift in Sources */ = {isa = PBXBuildFile; fileRef = BB1B60012B531B5E0055BCB0 /* MainHotelModel.swift */; };
		BB1B60082B534F250055BCB0 /* PaddedLabel.swift in Sources */ = {isa = PBXBuildFile; fileRef = BB1B60072B534F250055BCB0 /* PaddedLabel.swift */; };
		BB1B60132B5475B60055BCB0 /* HotelRoomViewModel.swift in Sources */ = {isa = PBXBuildFile; fileRef = BB1B60122B5475B60055BCB0 /* HotelRoomViewModel.swift */; };
		BB1B60152B5475F50055BCB0 /* HotelRoomModel.swift in Sources */ = {isa = PBXBuildFile; fileRef = BB1B60142B5475F50055BCB0 /* HotelRoomModel.swift */; };
		BB1B60172B5499670055BCB0 /* BookingViewModel.swift in Sources */ = {isa = PBXBuildFile; fileRef = BB1B60162B5499670055BCB0 /* BookingViewModel.swift */; };
		BB1B60192B5499700055BCB0 /* BookingModel.swift in Sources */ = {isa = PBXBuildFile; fileRef = BB1B60182B5499700055BCB0 /* BookingModel.swift */; };
		BB1B601B2B5588CF0055BCB0 /* launchScreenAnimation.json in Resources */ = {isa = PBXBuildFile; fileRef = BB1B601A2B5588CF0055BCB0 /* launchScreenAnimation.json */; };
		BB1B601E2B55A7AD0055BCB0 /* AnimationViewController.swift in Sources */ = {isa = PBXBuildFile; fileRef = BB1B601D2B55A7AD0055BCB0 /* AnimationViewController.swift */; };
		BB1B60222B55DDFA0055BCB0 /* HotelCoordinator.swift in Sources */ = {isa = PBXBuildFile; fileRef = BB1B60212B55DDFA0055BCB0 /* HotelCoordinator.swift */; };
		BB27FFA92B5B359B00A7814C /* AddTouristTVCell.swift in Sources */ = {isa = PBXBuildFile; fileRef = BB27FFA82B5B359B00A7814C /* AddTouristTVCell.swift */; };
		BB4FE2FA2B4E9F3500811151 /* AppDelegate.swift in Sources */ = {isa = PBXBuildFile; fileRef = BB4FE2F92B4E9F3500811151 /* AppDelegate.swift */; };
		BB4FE2FC2B4E9F3500811151 /* SceneDelegate.swift in Sources */ = {isa = PBXBuildFile; fileRef = BB4FE2FB2B4E9F3500811151 /* SceneDelegate.swift */; };
		BB4FE2FE2B4E9F3500811151 /* MainHotelViewController.swift in Sources */ = {isa = PBXBuildFile; fileRef = BB4FE2FD2B4E9F3500811151 /* MainHotelViewController.swift */; };
		BB4FE3032B4E9F3800811151 /* Assets.xcassets in Resources */ = {isa = PBXBuildFile; fileRef = BB4FE3022B4E9F3800811151 /* Assets.xcassets */; };
		BB4FE3062B4E9F3800811151 /* LaunchScreen.storyboard in Resources */ = {isa = PBXBuildFile; fileRef = BB4FE3042B4E9F3800811151 /* LaunchScreen.storyboard */; };
		BB4FE3102B4EA70100811151 /* MainHotelTVCell.swift in Sources */ = {isa = PBXBuildFile; fileRef = BB4FE30F2B4EA70100811151 /* MainHotelTVCell.swift */; };
		BB4FE3122B4EA71B00811151 /* AboutHotelTVCell.swift in Sources */ = {isa = PBXBuildFile; fileRef = BB4FE3112B4EA71B00811151 /* AboutHotelTVCell.swift */; };
		BB79FBE82B4ECFE100049103 /* Colors.swift in Sources */ = {isa = PBXBuildFile; fileRef = BB79FBE72B4ECFE100049103 /* Colors.swift */; };
		BB79FBEB2B501B1A00049103 /* HotelRoomViewController.swift in Sources */ = {isa = PBXBuildFile; fileRef = BB79FBEA2B501B1A00049103 /* HotelRoomViewController.swift */; };
		BB79FBED2B50615F00049103 /* ExtraInfoTVCell.swift in Sources */ = {isa = PBXBuildFile; fileRef = BB79FBEC2B50615F00049103 /* ExtraInfoTVCell.swift */; };
		BB79FBF12B506F5500049103 /* HotelRoomTVCell.swift in Sources */ = {isa = PBXBuildFile; fileRef = BB79FBF02B506F5500049103 /* HotelRoomTVCell.swift */; };
		BB79FBF32B5075C600049103 /* BookingViewController.swift in Sources */ = {isa = PBXBuildFile; fileRef = BB79FBF22B5075C600049103 /* BookingViewController.swift */; };
		BB79FBF52B5076A000049103 /* PaidViewController.swift in Sources */ = {isa = PBXBuildFile; fileRef = BB79FBF42B5076A000049103 /* PaidViewController.swift */; };
		BB79FBF72B517D1F00049103 /* HotelNameTVCell.swift in Sources */ = {isa = PBXBuildFile; fileRef = BB79FBF62B517D1F00049103 /* HotelNameTVCell.swift */; };
		BB79FBF92B517D4000049103 /* BookingInfoTVCell.swift in Sources */ = {isa = PBXBuildFile; fileRef = BB79FBF82B517D4000049103 /* BookingInfoTVCell.swift */; };
		BB79FBFB2B517D6700049103 /* CustomerInfoTVCell.swift in Sources */ = {isa = PBXBuildFile; fileRef = BB79FBFA2B517D6700049103 /* CustomerInfoTVCell.swift */; };
		BB79FBFD2B517D8100049103 /* FirstTouristTVCell.swift in Sources */ = {isa = PBXBuildFile; fileRef = BB79FBFC2B517D8100049103 /* FirstTouristTVCell.swift */; };
		BB79FBFF2B517DC100049103 /* SecondTouristTVCell.swift in Sources */ = {isa = PBXBuildFile; fileRef = BB79FBFE2B517DC100049103 /* SecondTouristTVCell.swift */; };
		BB79FC012B517DDB00049103 /* TotalCostTVCell.swift in Sources */ = {isa = PBXBuildFile; fileRef = BB79FC002B517DDB00049103 /* TotalCostTVCell.swift */; };
		BB79FC032B51AF8C00049103 /* CustomTextFieldView.swift in Sources */ = {isa = PBXBuildFile; fileRef = BB79FC022B51AF8C00049103 /* CustomTextFieldView.swift */; };
		BB79FC052B51D81D00049103 /* PaddingTextField.swift in Sources */ = {isa = PBXBuildFile; fileRef = BB79FC042B51D81D00049103 /* PaddingTextField.swift */; };
		EA5B20FA511DD74DDFA23543 /* Pods_Hotels.framework in Frameworks */ = {isa = PBXBuildFile; fileRef = 485FC9F3F7C922F6A1D4881C /* Pods_Hotels.framework */; };
/* End PBXBuildFile section */

/* Begin PBXFileReference section */
		485FC9F3F7C922F6A1D4881C /* Pods_Hotels.framework */ = {isa = PBXFileReference; explicitFileType = wrapper.framework; includeInIndex = 0; path = Pods_Hotels.framework; sourceTree = BUILT_PRODUCTS_DIR; };
		97206A37B92EA903A724B7AA /* Pods-Hotels.debug.xcconfig */ = {isa = PBXFileReference; includeInIndex = 1; lastKnownFileType = text.xcconfig; name = "Pods-Hotels.debug.xcconfig"; path = "Target Support Files/Pods-Hotels/Pods-Hotels.debug.xcconfig"; sourceTree = "<group>"; };
		BB1901E22B4EAA7500B6E3A3 /* MainHotelCVCell.swift */ = {isa = PBXFileReference; lastKnownFileType = sourcecode.swift; path = MainHotelCVCell.swift; sourceTree = "<group>"; };
		BB1901E42B4EBD7400B6E3A3 /* Extensions.swift */ = {isa = PBXFileReference; lastKnownFileType = sourcecode.swift; path = Extensions.swift; sourceTree = "<group>"; };
		BB1901E82B4EC74100B6E3A3 /* SFPRODISPLAYBOLD.OTF */ = {isa = PBXFileReference; lastKnownFileType = file; path = SFPRODISPLAYBOLD.OTF; sourceTree = "<group>"; };
		BB1901EC2B4EC74100B6E3A3 /* SFPRODISPLAYREGULAR.OTF */ = {isa = PBXFileReference; lastKnownFileType = file; path = SFPRODISPLAYREGULAR.OTF; sourceTree = "<group>"; };
		BB1901ED2B4EC74100B6E3A3 /* SFPRODISPLAYMEDIUM.OTF */ = {isa = PBXFileReference; lastKnownFileType = file; path = SFPRODISPLAYMEDIUM.OTF; sourceTree = "<group>"; };
		BB1B5FFB2B52D0C80055BCB0 /* NewTouristTVCell.swift */ = {isa = PBXFileReference; lastKnownFileType = sourcecode.swift; path = NewTouristTVCell.swift; sourceTree = "<group>"; };
		BB1B5FFD2B5318FD0055BCB0 /* MainHotelViewModel.swift */ = {isa = PBXFileReference; lastKnownFileType = sourcecode.swift; path = MainHotelViewModel.swift; sourceTree = "<group>"; };
		BB1B5FFF2B5319960055BCB0 /* NetworkManager.swift */ = {isa = PBXFileReference; lastKnownFileType = sourcecode.swift; path = NetworkManager.swift; sourceTree = "<group>"; };
		BB1B60012B531B5E0055BCB0 /* MainHotelModel.swift */ = {isa = PBXFileReference; lastKnownFileType = sourcecode.swift; path = MainHotelModel.swift; sourceTree = "<group>"; };
		BB1B60072B534F250055BCB0 /* PaddedLabel.swift */ = {isa = PBXFileReference; lastKnownFileType = sourcecode.swift; path = PaddedLabel.swift; sourceTree = "<group>"; };
		BB1B60122B5475B60055BCB0 /* HotelRoomViewModel.swift */ = {isa = PBXFileReference; lastKnownFileType = sourcecode.swift; path = HotelRoomViewModel.swift; sourceTree = "<group>"; };
		BB1B60142B5475F50055BCB0 /* HotelRoomModel.swift */ = {isa = PBXFileReference; lastKnownFileType = sourcecode.swift; path = HotelRoomModel.swift; sourceTree = "<group>"; };
		BB1B60162B5499670055BCB0 /* BookingViewModel.swift */ = {isa = PBXFileReference; lastKnownFileType = sourcecode.swift; path = BookingViewModel.swift; sourceTree = "<group>"; };
		BB1B60182B5499700055BCB0 /* BookingModel.swift */ = {isa = PBXFileReference; lastKnownFileType = sourcecode.swift; path = BookingModel.swift; sourceTree = "<group>"; };
		BB1B601A2B5588CF0055BCB0 /* launchScreenAnimation.json */ = {isa = PBXFileReference; fileEncoding = 4; lastKnownFileType = text.json; path = launchScreenAnimation.json; sourceTree = "<group>"; };
		BB1B601D2B55A7AD0055BCB0 /* AnimationViewController.swift */ = {isa = PBXFileReference; lastKnownFileType = sourcecode.swift; path = AnimationViewController.swift; sourceTree = "<group>"; };
		BB1B60212B55DDFA0055BCB0 /* HotelCoordinator.swift */ = {isa = PBXFileReference; lastKnownFileType = sourcecode.swift; path = HotelCoordinator.swift; sourceTree = "<group>"; };
		BB27FFA82B5B359B00A7814C /* AddTouristTVCell.swift */ = {isa = PBXFileReference; lastKnownFileType = sourcecode.swift; path = AddTouristTVCell.swift; sourceTree = "<group>"; };
		BB4FE2F62B4E9F3500811151 /* Hotels.app */ = {isa = PBXFileReference; explicitFileType = wrapper.application; includeInIndex = 0; path = Hotels.app; sourceTree = BUILT_PRODUCTS_DIR; };
		BB4FE2F92B4E9F3500811151 /* AppDelegate.swift */ = {isa = PBXFileReference; lastKnownFileType = sourcecode.swift; path = AppDelegate.swift; sourceTree = "<group>"; };
		BB4FE2FB2B4E9F3500811151 /* SceneDelegate.swift */ = {isa = PBXFileReference; lastKnownFileType = sourcecode.swift; path = SceneDelegate.swift; sourceTree = "<group>"; };
		BB4FE2FD2B4E9F3500811151 /* MainHotelViewController.swift */ = {isa = PBXFileReference; lastKnownFileType = sourcecode.swift; path = MainHotelViewController.swift; sourceTree = "<group>"; };
		BB4FE3022B4E9F3800811151 /* Assets.xcassets */ = {isa = PBXFileReference; lastKnownFileType = folder.assetcatalog; path = Assets.xcassets; sourceTree = "<group>"; };
		BB4FE3052B4E9F3800811151 /* Base */ = {isa = PBXFileReference; lastKnownFileType = file.storyboard; name = Base; path = Base.lproj/LaunchScreen.storyboard; sourceTree = "<group>"; };
		BB4FE3072B4E9F3800811151 /* Info.plist */ = {isa = PBXFileReference; lastKnownFileType = text.plist.xml; path = Info.plist; sourceTree = "<group>"; };
		BB4FE30F2B4EA70100811151 /* MainHotelTVCell.swift */ = {isa = PBXFileReference; lastKnownFileType = sourcecode.swift; path = MainHotelTVCell.swift; sourceTree = "<group>"; };
		BB4FE3112B4EA71B00811151 /* AboutHotelTVCell.swift */ = {isa = PBXFileReference; lastKnownFileType = sourcecode.swift; path = AboutHotelTVCell.swift; sourceTree = "<group>"; };
		BB79FBE72B4ECFE100049103 /* Colors.swift */ = {isa = PBXFileReference; lastKnownFileType = sourcecode.swift; path = Colors.swift; sourceTree = "<group>"; };
		BB79FBEA2B501B1A00049103 /* HotelRoomViewController.swift */ = {isa = PBXFileReference; lastKnownFileType = sourcecode.swift; path = HotelRoomViewController.swift; sourceTree = "<group>"; };
		BB79FBEC2B50615F00049103 /* ExtraInfoTVCell.swift */ = {isa = PBXFileReference; lastKnownFileType = sourcecode.swift; path = ExtraInfoTVCell.swift; sourceTree = "<group>"; };
		BB79FBF02B506F5500049103 /* HotelRoomTVCell.swift */ = {isa = PBXFileReference; lastKnownFileType = sourcecode.swift; path = HotelRoomTVCell.swift; sourceTree = "<group>"; };
		BB79FBF22B5075C600049103 /* BookingViewController.swift */ = {isa = PBXFileReference; lastKnownFileType = sourcecode.swift; path = BookingViewController.swift; sourceTree = "<group>"; };
		BB79FBF42B5076A000049103 /* PaidViewController.swift */ = {isa = PBXFileReference; lastKnownFileType = sourcecode.swift; path = PaidViewController.swift; sourceTree = "<group>"; };
		BB79FBF62B517D1F00049103 /* HotelNameTVCell.swift */ = {isa = PBXFileReference; lastKnownFileType = sourcecode.swift; path = HotelNameTVCell.swift; sourceTree = "<group>"; };
		BB79FBF82B517D4000049103 /* BookingInfoTVCell.swift */ = {isa = PBXFileReference; lastKnownFileType = sourcecode.swift; path = BookingInfoTVCell.swift; sourceTree = "<group>"; };
		BB79FBFA2B517D6700049103 /* CustomerInfoTVCell.swift */ = {isa = PBXFileReference; lastKnownFileType = sourcecode.swift; path = CustomerInfoTVCell.swift; sourceTree = "<group>"; };
		BB79FBFC2B517D8100049103 /* FirstTouristTVCell.swift */ = {isa = PBXFileReference; lastKnownFileType = sourcecode.swift; path = FirstTouristTVCell.swift; sourceTree = "<group>"; };
		BB79FBFE2B517DC100049103 /* SecondTouristTVCell.swift */ = {isa = PBXFileReference; lastKnownFileType = sourcecode.swift; path = SecondTouristTVCell.swift; sourceTree = "<group>"; };
		BB79FC002B517DDB00049103 /* TotalCostTVCell.swift */ = {isa = PBXFileReference; lastKnownFileType = sourcecode.swift; path = TotalCostTVCell.swift; sourceTree = "<group>"; };
		BB79FC022B51AF8C00049103 /* CustomTextFieldView.swift */ = {isa = PBXFileReference; lastKnownFileType = sourcecode.swift; path = CustomTextFieldView.swift; sourceTree = "<group>"; };
		BB79FC042B51D81D00049103 /* PaddingTextField.swift */ = {isa = PBXFileReference; lastKnownFileType = sourcecode.swift; path = PaddingTextField.swift; sourceTree = "<group>"; };
		BEE77AF3643EED388D2DB163 /* Pods-Hotels.release.xcconfig */ = {isa = PBXFileReference; includeInIndex = 1; lastKnownFileType = text.xcconfig; name = "Pods-Hotels.release.xcconfig"; path = "Target Support Files/Pods-Hotels/Pods-Hotels.release.xcconfig"; sourceTree = "<group>"; };
/* End PBXFileReference section */

/* Begin PBXFrameworksBuildPhase section */
		BB4FE2F32B4E9F3500811151 /* Frameworks */ = {
			isa = PBXFrameworksBuildPhase;
			buildActionMask = 2147483647;
			files = (
				EA5B20FA511DD74DDFA23543 /* Pods_Hotels.framework in Frameworks */,
			);
			runOnlyForDeploymentPostprocessing = 0;
		};
/* End PBXFrameworksBuildPhase section */

/* Begin PBXGroup section */
		3312FDDA3D05004A2CC1167F /* Pods */ = {
			isa = PBXGroup;
			children = (
				97206A37B92EA903A724B7AA /* Pods-Hotels.debug.xcconfig */,
				BEE77AF3643EED388D2DB163 /* Pods-Hotels.release.xcconfig */,
			);
			path = Pods;
			sourceTree = "<group>";
		};
		BB11E2912B574D2500F2B998 /* Custom Elements */ = {
			isa = PBXGroup;
			children = (
				BB79FC022B51AF8C00049103 /* CustomTextFieldView.swift */,
				BB79FC042B51D81D00049103 /* PaddingTextField.swift */,
				BB1B60072B534F250055BCB0 /* PaddedLabel.swift */,
			);
			name = "Custom Elements";
			path = "Resources/Custom Elements";
			sourceTree = "<group>";
		};
		BB11E2922B574D3500F2B998 /* LaunchScreen */ = {
			isa = PBXGroup;
			children = (
				BB4FE3042B4E9F3800811151 /* LaunchScreen.storyboard */,
				BB1B601D2B55A7AD0055BCB0 /* AnimationViewController.swift */,
				BB1B601C2B5588D50055BCB0 /* LaunchScreen Animation */,
			);
			name = LaunchScreen;
			path = Resources/LaunchScreen;
			sourceTree = "<group>";
		};
		BB11E2932B574D5E00F2B998 /* Utils */ = {
			isa = PBXGroup;
			children = (
				BB1901E42B4EBD7400B6E3A3 /* Extensions.swift */,
				BB79FBE72B4ECFE100049103 /* Colors.swift */,
			);
			name = Utils;
			path = Resources/Utils;
			sourceTree = "<group>";
		};
		BB1901E62B4EC72F00B6E3A3 /* Fonts */ = {
			isa = PBXGroup;
			children = (
				BB1901E82B4EC74100B6E3A3 /* SFPRODISPLAYBOLD.OTF */,
				BB1901ED2B4EC74100B6E3A3 /* SFPRODISPLAYMEDIUM.OTF */,
				BB1901EC2B4EC74100B6E3A3 /* SFPRODISPLAYREGULAR.OTF */,
			);
			name = Fonts;
			path = Resources/Fonts;
			sourceTree = "<group>";
		};
		BB1B60032B5334630055BCB0 /* Network Manager */ = {
			isa = PBXGroup;
			children = (
				BB1B5FFF2B5319960055BCB0 /* NetworkManager.swift */,
			);
			path = "Network Manager";
			sourceTree = "<group>";
		};
		BB1B60042B533B4C0055BCB0 /* Views */ = {
			isa = PBXGroup;
			children = (
				BB4FE2FD2B4E9F3500811151 /* MainHotelViewController.swift */,
				BB4FE30F2B4EA70100811151 /* MainHotelTVCell.swift */,
				BB1901E22B4EAA7500B6E3A3 /* MainHotelCVCell.swift */,
				BB4FE3112B4EA71B00811151 /* AboutHotelTVCell.swift */,
				BB79FBEC2B50615F00049103 /* ExtraInfoTVCell.swift */,
			);
			path = Views;
			sourceTree = "<group>";
		};
		BB1B60052B533B6A0055BCB0 /* ViewModel */ = {
			isa = PBXGroup;
			children = (
				BB1B5FFD2B5318FD0055BCB0 /* MainHotelViewModel.swift */,
			);
			path = ViewModel;
			sourceTree = "<group>";
		};
		BB1B60062B533B770055BCB0 /* Model */ = {
			isa = PBXGroup;
			children = (
				BB1B60012B531B5E0055BCB0 /* MainHotelModel.swift */,
			);
			path = Model;
			sourceTree = "<group>";
		};
		BB1B60092B5357F10055BCB0 /* Views */ = {
			isa = PBXGroup;
			children = (
				BB79FBEA2B501B1A00049103 /* HotelRoomViewController.swift */,
				BB79FBF02B506F5500049103 /* HotelRoomTVCell.swift */,
			);
			path = Views;
			sourceTree = "<group>";
		};
		BB1B600A2B5357FB0055BCB0 /* Model */ = {
			isa = PBXGroup;
			children = (
				BB1B60142B5475F50055BCB0 /* HotelRoomModel.swift */,
			);
			path = Model;
			sourceTree = "<group>";
		};
		BB1B600B2B5358240055BCB0 /* ViewModel */ = {
			isa = PBXGroup;
			children = (
				BB1B60122B5475B60055BCB0 /* HotelRoomViewModel.swift */,
			);
			path = ViewModel;
			sourceTree = "<group>";
		};
		BB1B600C2B5358500055BCB0 /* Views */ = {
			isa = PBXGroup;
			children = (
				BB79FBF22B5075C600049103 /* BookingViewController.swift */,
				BB79FBF62B517D1F00049103 /* HotelNameTVCell.swift */,
				BB79FBF82B517D4000049103 /* BookingInfoTVCell.swift */,
				BB79FBFA2B517D6700049103 /* CustomerInfoTVCell.swift */,
				BB79FBFC2B517D8100049103 /* FirstTouristTVCell.swift */,
				BB79FBFE2B517DC100049103 /* SecondTouristTVCell.swift */,
				BB27FFA82B5B359B00A7814C /* AddTouristTVCell.swift */,
				BB1B5FFB2B52D0C80055BCB0 /* NewTouristTVCell.swift */,
				BB79FC002B517DDB00049103 /* TotalCostTVCell.swift */,
			);
			path = Views;
			sourceTree = "<group>";
		};
		BB1B600D2B5358590055BCB0 /* Model */ = {
			isa = PBXGroup;
			children = (
				BB1B60182B5499700055BCB0 /* BookingModel.swift */,
			);
			path = Model;
			sourceTree = "<group>";
		};
		BB1B600E2B53585F0055BCB0 /* ViewModel */ = {
			isa = PBXGroup;
			children = (
				BB1B60162B5499670055BCB0 /* BookingViewModel.swift */,
			);
			path = ViewModel;
			sourceTree = "<group>";
		};
		BB1B600F2B5358890055BCB0 /* Views */ = {
			isa = PBXGroup;
			children = (
				BB79FBF42B5076A000049103 /* PaidViewController.swift */,
			);
			path = Views;
			sourceTree = "<group>";
		};
		BB1B601C2B5588D50055BCB0 /* LaunchScreen Animation */ = {
			isa = PBXGroup;
			children = (
				BB1B601A2B5588CF0055BCB0 /* launchScreenAnimation.json */,
			);
			path = "LaunchScreen Animation";
			sourceTree = "<group>";
		};
		BB1B60232B55E8CC0055BCB0 /* Coordinator */ = {
			isa = PBXGroup;
			children = (
				BB1B60212B55DDFA0055BCB0 /* HotelCoordinator.swift */,
			);
			path = Coordinator;
			sourceTree = "<group>";
		};
		BB4FE2ED2B4E9F3500811151 = {
			isa = PBXGroup;
			children = (
				BB4FE2F82B4E9F3500811151 /* Hotels */,
				BB4FE2F72B4E9F3500811151 /* Products */,
				3312FDDA3D05004A2CC1167F /* Pods */,
				D601C333663A733F701B9446 /* Frameworks */,
			);
			sourceTree = "<group>";
		};
		BB4FE2F72B4E9F3500811151 /* Products */ = {
			isa = PBXGroup;
			children = (
				BB4FE2F62B4E9F3500811151 /* Hotels.app */,
			);
			name = Products;
			sourceTree = "<group>";
		};
		BB4FE2F82B4E9F3500811151 /* Hotels */ = {
			isa = PBXGroup;
			children = (
				BB1B60232B55E8CC0055BCB0 /* Coordinator */,
				BB4FE3152B4EA74200811151 /* Main */,
				BB79FBE92B501AE100049103 /* HotelRoom */,
				BB79FBEE2B506B0F00049103 /* Booking */,
				BB79FBEF2B506B4600049103 /* Paid */,
				BB1B60032B5334630055BCB0 /* Network Manager */,
				BB11E2912B574D2500F2B998 /* Custom Elements */,
				BB11E2922B574D3500F2B998 /* LaunchScreen */,
				BB1901E62B4EC72F00B6E3A3 /* Fonts */,
				BB11E2932B574D5E00F2B998 /* Utils */,
				BB4FE30D2B4EA1D200811151 /* Resources */,
				BB4FE3072B4E9F3800811151 /* Info.plist */,
			);
			path = Hotels;
			sourceTree = "<group>";
		};
		BB4FE30D2B4EA1D200811151 /* Resources */ = {
			isa = PBXGroup;
			children = (
				BB4FE2F92B4E9F3500811151 /* AppDelegate.swift */,
				BB4FE2FB2B4E9F3500811151 /* SceneDelegate.swift */,
				BB4FE3022B4E9F3800811151 /* Assets.xcassets */,
			);
			path = Resources;
			sourceTree = "<group>";
		};
		BB4FE3152B4EA74200811151 /* Main */ = {
			isa = PBXGroup;
			children = (
				BB1B60062B533B770055BCB0 /* Model */,
				BB1B60042B533B4C0055BCB0 /* Views */,
				BB1B60052B533B6A0055BCB0 /* ViewModel */,
			);
			path = Main;
			sourceTree = "<group>";
		};
		BB79FBE92B501AE100049103 /* HotelRoom */ = {
			isa = PBXGroup;
			children = (
				BB1B600A2B5357FB0055BCB0 /* Model */,
				BB1B60092B5357F10055BCB0 /* Views */,
				BB1B600B2B5358240055BCB0 /* ViewModel */,
			);
			path = HotelRoom;
			sourceTree = "<group>";
		};
		BB79FBEE2B506B0F00049103 /* Booking */ = {
			isa = PBXGroup;
			children = (
				BB1B600D2B5358590055BCB0 /* Model */,
				BB1B600C2B5358500055BCB0 /* Views */,
				BB1B600E2B53585F0055BCB0 /* ViewModel */,
			);
			path = Booking;
			sourceTree = "<group>";
		};
		BB79FBEF2B506B4600049103 /* Paid */ = {
			isa = PBXGroup;
			children = (
				BB1B600F2B5358890055BCB0 /* Views */,
			);
			path = Paid;
			sourceTree = "<group>";
		};
		D601C333663A733F701B9446 /* Frameworks */ = {
			isa = PBXGroup;
			children = (
				485FC9F3F7C922F6A1D4881C /* Pods_Hotels.framework */,
			);
			name = Frameworks;
			sourceTree = "<group>";
		};
/* End PBXGroup section */

/* Begin PBXNativeTarget section */
		BB4FE2F52B4E9F3500811151 /* Hotels */ = {
			isa = PBXNativeTarget;
			buildConfigurationList = BB4FE30A2B4E9F3800811151 /* Build configuration list for PBXNativeTarget "Hotels" */;
			buildPhases = (
				B212BBF8DE73FA6BB22B2DEA /* [CP] Check Pods Manifest.lock */,
				BB4FE2F22B4E9F3500811151 /* Sources */,
				BB4FE2F32B4E9F3500811151 /* Frameworks */,
				BB4FE2F42B4E9F3500811151 /* Resources */,
				A3B45050A624CAA2D9DEB6DF /* [CP] Embed Pods Frameworks */,
			);
			buildRules = (
			);
			dependencies = (
			);
			name = Hotels;
			productName = Hotels;
			productReference = BB4FE2F62B4E9F3500811151 /* Hotels.app */;
			productType = "com.apple.product-type.application";
		};
/* End PBXNativeTarget section */

/* Begin PBXProject section */
		BB4FE2EE2B4E9F3500811151 /* Project object */ = {
			isa = PBXProject;
			attributes = {
				BuildIndependentTargetsInParallel = 1;
				LastSwiftUpdateCheck = 1500;
				LastUpgradeCheck = 1500;
				TargetAttributes = {
					BB4FE2F52B4E9F3500811151 = {
						CreatedOnToolsVersion = 15.0.1;
					};
				};
			};
			buildConfigurationList = BB4FE2F12B4E9F3500811151 /* Build configuration list for PBXProject "Hotels" */;
			compatibilityVersion = "Xcode 14.0";
			developmentRegion = en;
			hasScannedForEncodings = 0;
			knownRegions = (
				en,
				Base,
			);
			mainGroup = BB4FE2ED2B4E9F3500811151;
			productRefGroup = BB4FE2F72B4E9F3500811151 /* Products */;
			projectDirPath = "";
			projectRoot = "";
			targets = (
				BB4FE2F52B4E9F3500811151 /* Hotels */,
			);
		};
/* End PBXProject section */

/* Begin PBXResourcesBuildPhase section */
		BB4FE2F42B4E9F3500811151 /* Resources */ = {
			isa = PBXResourcesBuildPhase;
			buildActionMask = 2147483647;
			files = (
				BB1901F62B4EC74200B6E3A3 /* SFPRODISPLAYMEDIUM.OTF in Resources */,
				BB1901F52B4EC74100B6E3A3 /* SFPRODISPLAYREGULAR.OTF in Resources */,
				BB1901F12B4EC74100B6E3A3 /* SFPRODISPLAYBOLD.OTF in Resources */,
				BB4FE3062B4E9F3800811151 /* LaunchScreen.storyboard in Resources */,
				BB1B601B2B5588CF0055BCB0 /* launchScreenAnimation.json in Resources */,
				BB4FE3032B4E9F3800811151 /* Assets.xcassets in Resources */,
			);
			runOnlyForDeploymentPostprocessing = 0;
		};
/* End PBXResourcesBuildPhase section */

/* Begin PBXShellScriptBuildPhase section */
		A3B45050A624CAA2D9DEB6DF /* [CP] Embed Pods Frameworks */ = {
			isa = PBXShellScriptBuildPhase;
			buildActionMask = 2147483647;
			files = (
			);
			inputFileListPaths = (
				"${PODS_ROOT}/Target Support Files/Pods-Hotels/Pods-Hotels-frameworks-${CONFIGURATION}-input-files.xcfilelist",
			);
			name = "[CP] Embed Pods Frameworks";
			outputFileListPaths = (
				"${PODS_ROOT}/Target Support Files/Pods-Hotels/Pods-Hotels-frameworks-${CONFIGURATION}-output-files.xcfilelist",
			);
			runOnlyForDeploymentPostprocessing = 0;
			shellPath = /bin/sh;
			shellScript = "\"${PODS_ROOT}/Target Support Files/Pods-Hotels/Pods-Hotels-frameworks.sh\"\n";
			showEnvVarsInLog = 0;
		};
		B212BBF8DE73FA6BB22B2DEA /* [CP] Check Pods Manifest.lock */ = {
			isa = PBXShellScriptBuildPhase;
			buildActionMask = 2147483647;
			files = (
			);
			inputFileListPaths = (
			);
			inputPaths = (
				"${PODS_PODFILE_DIR_PATH}/Podfile.lock",
				"${PODS_ROOT}/Manifest.lock",
			);
			name = "[CP] Check Pods Manifest.lock";
			outputFileListPaths = (
			);
			outputPaths = (
				"$(DERIVED_FILE_DIR)/Pods-Hotels-checkManifestLockResult.txt",
			);
			runOnlyForDeploymentPostprocessing = 0;
			shellPath = /bin/sh;
			shellScript = "diff \"${PODS_PODFILE_DIR_PATH}/Podfile.lock\" \"${PODS_ROOT}/Manifest.lock\" > /dev/null\nif [ $? != 0 ] ; then\n    # print error to STDERR\n    echo \"error: The sandbox is not in sync with the Podfile.lock. Run 'pod install' or update your CocoaPods installation.\" >&2\n    exit 1\nfi\n# This output is used by Xcode 'outputs' to avoid re-running this script phase.\necho \"SUCCESS\" > \"${SCRIPT_OUTPUT_FILE_0}\"\n";
			showEnvVarsInLog = 0;
		};
/* End PBXShellScriptBuildPhase section */

/* Begin PBXSourcesBuildPhase section */
		BB4FE2F22B4E9F3500811151 /* Sources */ = {
			isa = PBXSourcesBuildPhase;
			buildActionMask = 2147483647;
			files = (
				BB1B60082B534F250055BCB0 /* PaddedLabel.swift in Sources */,
				BB79FBF52B5076A000049103 /* PaidViewController.swift in Sources */,
				BB1B5FFC2B52D0C80055BCB0 /* NewTouristTVCell.swift in Sources */,
				BB1B601E2B55A7AD0055BCB0 /* AnimationViewController.swift in Sources */,
				BB79FC052B51D81D00049103 /* PaddingTextField.swift in Sources */,
				BB79FBFF2B517DC100049103 /* SecondTouristTVCell.swift in Sources */,
				BB79FBF92B517D4000049103 /* BookingInfoTVCell.swift in Sources */,
				BB79FBEB2B501B1A00049103 /* HotelRoomViewController.swift in Sources */,
				BB79FBE82B4ECFE100049103 /* Colors.swift in Sources */,
				BB79FBF12B506F5500049103 /* HotelRoomTVCell.swift in Sources */,
				BB1B60022B531B5E0055BCB0 /* MainHotelModel.swift in Sources */,
				BB27FFA92B5B359B00A7814C /* AddTouristTVCell.swift in Sources */,
				BB4FE2FE2B4E9F3500811151 /* MainHotelViewController.swift in Sources */,
				BB1B60132B5475B60055BCB0 /* HotelRoomViewModel.swift in Sources */,
				BB4FE3122B4EA71B00811151 /* AboutHotelTVCell.swift in Sources */,
				BB1B60152B5475F50055BCB0 /* HotelRoomModel.swift in Sources */,
				BB79FBED2B50615F00049103 /* ExtraInfoTVCell.swift in Sources */,
				BB1B60172B5499670055BCB0 /* BookingViewModel.swift in Sources */,
				BB1B60222B55DDFA0055BCB0 /* HotelCoordinator.swift in Sources */,
				BB1901E52B4EBD7400B6E3A3 /* Extensions.swift in Sources */,
				BB4FE2FA2B4E9F3500811151 /* AppDelegate.swift in Sources */,
				BB79FBFD2B517D8100049103 /* FirstTouristTVCell.swift in Sources */,
				BB4FE2FC2B4E9F3500811151 /* SceneDelegate.swift in Sources */,
				BB1B5FFE2B5318FD0055BCB0 /* MainHotelViewModel.swift in Sources */,
				BB79FC032B51AF8C00049103 /* CustomTextFieldView.swift in Sources */,
				BB79FBF32B5075C600049103 /* BookingViewController.swift in Sources */,
				BB79FBF72B517D1F00049103 /* HotelNameTVCell.swift in Sources */,
				BB79FBFB2B517D6700049103 /* CustomerInfoTVCell.swift in Sources */,
				BB1901E32B4EAA7500B6E3A3 /* MainHotelCVCell.swift in Sources */,
				BB1B60002B5319960055BCB0 /* NetworkManager.swift in Sources */,
				BB4FE3102B4EA70100811151 /* MainHotelTVCell.swift in Sources */,
				BB79FC012B517DDB00049103 /* TotalCostTVCell.swift in Sources */,
				BB1B60192B5499700055BCB0 /* BookingModel.swift in Sources */,
			);
			runOnlyForDeploymentPostprocessing = 0;
		};
/* End PBXSourcesBuildPhase section */

/* Begin PBXVariantGroup section */
		BB4FE3042B4E9F3800811151 /* LaunchScreen.storyboard */ = {
			isa = PBXVariantGroup;
			children = (
				BB4FE3052B4E9F3800811151 /* Base */,
			);
			name = LaunchScreen.storyboard;
			sourceTree = "<group>";
		};
/* End PBXVariantGroup section */

/* Begin XCBuildConfiguration section */
		BB4FE3082B4E9F3800811151 /* Debug */ = {
			isa = XCBuildConfiguration;
			buildSettings = {
				ALWAYS_SEARCH_USER_PATHS = NO;
				ASSETCATALOG_COMPILER_GENERATE_SWIFT_ASSET_SYMBOL_EXTENSIONS = YES;
				CLANG_ANALYZER_NONNULL = YES;
				CLANG_ANALYZER_NUMBER_OBJECT_CONVERSION = YES_AGGRESSIVE;
				CLANG_CXX_LANGUAGE_STANDARD = "gnu++20";
				CLANG_ENABLE_MODULES = YES;
				CLANG_ENABLE_OBJC_ARC = YES;
				CLANG_ENABLE_OBJC_WEAK = YES;
				CLANG_WARN_BLOCK_CAPTURE_AUTORELEASING = YES;
				CLANG_WARN_BOOL_CONVERSION = YES;
				CLANG_WARN_COMMA = YES;
				CLANG_WARN_CONSTANT_CONVERSION = YES;
				CLANG_WARN_DEPRECATED_OBJC_IMPLEMENTATIONS = YES;
				CLANG_WARN_DIRECT_OBJC_ISA_USAGE = YES_ERROR;
				CLANG_WARN_DOCUMENTATION_COMMENTS = YES;
				CLANG_WARN_EMPTY_BODY = YES;
				CLANG_WARN_ENUM_CONVERSION = YES;
				CLANG_WARN_INFINITE_RECURSION = YES;
				CLANG_WARN_INT_CONVERSION = YES;
				CLANG_WARN_NON_LITERAL_NULL_CONVERSION = YES;
				CLANG_WARN_OBJC_IMPLICIT_RETAIN_SELF = YES;
				CLANG_WARN_OBJC_LITERAL_CONVERSION = YES;
				CLANG_WARN_OBJC_ROOT_CLASS = YES_ERROR;
				CLANG_WARN_QUOTED_INCLUDE_IN_FRAMEWORK_HEADER = YES;
				CLANG_WARN_RANGE_LOOP_ANALYSIS = YES;
				CLANG_WARN_STRICT_PROTOTYPES = YES;
				CLANG_WARN_SUSPICIOUS_MOVE = YES;
				CLANG_WARN_UNGUARDED_AVAILABILITY = YES_AGGRESSIVE;
				CLANG_WARN_UNREACHABLE_CODE = YES;
				CLANG_WARN__DUPLICATE_METHOD_MATCH = YES;
				COPY_PHASE_STRIP = NO;
				DEBUG_INFORMATION_FORMAT = dwarf;
				ENABLE_STRICT_OBJC_MSGSEND = YES;
				ENABLE_TESTABILITY = YES;
				ENABLE_USER_SCRIPT_SANDBOXING = YES;
				GCC_C_LANGUAGE_STANDARD = gnu17;
				GCC_DYNAMIC_NO_PIC = NO;
				GCC_NO_COMMON_BLOCKS = YES;
				GCC_OPTIMIZATION_LEVEL = 0;
				GCC_PREPROCESSOR_DEFINITIONS = (
					"DEBUG=1",
					"$(inherited)",
				);
				GCC_WARN_64_TO_32_BIT_CONVERSION = YES;
				GCC_WARN_ABOUT_RETURN_TYPE = YES_ERROR;
				GCC_WARN_UNDECLARED_SELECTOR = YES;
				GCC_WARN_UNINITIALIZED_AUTOS = YES_AGGRESSIVE;
				GCC_WARN_UNUSED_FUNCTION = YES;
				GCC_WARN_UNUSED_VARIABLE = YES;
				IPHONEOS_DEPLOYMENT_TARGET = 17.0;
				LOCALIZATION_PREFERS_STRING_CATALOGS = YES;
				MTL_ENABLE_DEBUG_INFO = INCLUDE_SOURCE;
				MTL_FAST_MATH = YES;
				ONLY_ACTIVE_ARCH = YES;
				SDKROOT = iphoneos;
				SWIFT_ACTIVE_COMPILATION_CONDITIONS = "DEBUG $(inherited)";
				SWIFT_OPTIMIZATION_LEVEL = "-Onone";
			};
			name = Debug;
		};
		BB4FE3092B4E9F3800811151 /* Release */ = {
			isa = XCBuildConfiguration;
			buildSettings = {
				ALWAYS_SEARCH_USER_PATHS = NO;
				ASSETCATALOG_COMPILER_GENERATE_SWIFT_ASSET_SYMBOL_EXTENSIONS = YES;
				CLANG_ANALYZER_NONNULL = YES;
				CLANG_ANALYZER_NUMBER_OBJECT_CONVERSION = YES_AGGRESSIVE;
				CLANG_CXX_LANGUAGE_STANDARD = "gnu++20";
				CLANG_ENABLE_MODULES = YES;
				CLANG_ENABLE_OBJC_ARC = YES;
				CLANG_ENABLE_OBJC_WEAK = YES;
				CLANG_WARN_BLOCK_CAPTURE_AUTORELEASING = YES;
				CLANG_WARN_BOOL_CONVERSION = YES;
				CLANG_WARN_COMMA = YES;
				CLANG_WARN_CONSTANT_CONVERSION = YES;
				CLANG_WARN_DEPRECATED_OBJC_IMPLEMENTATIONS = YES;
				CLANG_WARN_DIRECT_OBJC_ISA_USAGE = YES_ERROR;
				CLANG_WARN_DOCUMENTATION_COMMENTS = YES;
				CLANG_WARN_EMPTY_BODY = YES;
				CLANG_WARN_ENUM_CONVERSION = YES;
				CLANG_WARN_INFINITE_RECURSION = YES;
				CLANG_WARN_INT_CONVERSION = YES;
				CLANG_WARN_NON_LITERAL_NULL_CONVERSION = YES;
				CLANG_WARN_OBJC_IMPLICIT_RETAIN_SELF = YES;
				CLANG_WARN_OBJC_LITERAL_CONVERSION = YES;
				CLANG_WARN_OBJC_ROOT_CLASS = YES_ERROR;
				CLANG_WARN_QUOTED_INCLUDE_IN_FRAMEWORK_HEADER = YES;
				CLANG_WARN_RANGE_LOOP_ANALYSIS = YES;
				CLANG_WARN_STRICT_PROTOTYPES = YES;
				CLANG_WARN_SUSPICIOUS_MOVE = YES;
				CLANG_WARN_UNGUARDED_AVAILABILITY = YES_AGGRESSIVE;
				CLANG_WARN_UNREACHABLE_CODE = YES;
				CLANG_WARN__DUPLICATE_METHOD_MATCH = YES;
				COPY_PHASE_STRIP = NO;
				DEBUG_INFORMATION_FORMAT = "dwarf-with-dsym";
				ENABLE_NS_ASSERTIONS = NO;
				ENABLE_STRICT_OBJC_MSGSEND = YES;
				ENABLE_USER_SCRIPT_SANDBOXING = YES;
				GCC_C_LANGUAGE_STANDARD = gnu17;
				GCC_NO_COMMON_BLOCKS = YES;
				GCC_WARN_64_TO_32_BIT_CONVERSION = YES;
				GCC_WARN_ABOUT_RETURN_TYPE = YES_ERROR;
				GCC_WARN_UNDECLARED_SELECTOR = YES;
				GCC_WARN_UNINITIALIZED_AUTOS = YES_AGGRESSIVE;
				GCC_WARN_UNUSED_FUNCTION = YES;
				GCC_WARN_UNUSED_VARIABLE = YES;
				IPHONEOS_DEPLOYMENT_TARGET = 17.0;
				LOCALIZATION_PREFERS_STRING_CATALOGS = YES;
				MTL_ENABLE_DEBUG_INFO = NO;
				MTL_FAST_MATH = YES;
				SDKROOT = iphoneos;
				SWIFT_COMPILATION_MODE = wholemodule;
				VALIDATE_PRODUCT = YES;
			};
			name = Release;
		};
		BB4FE30B2B4E9F3800811151 /* Debug */ = {
			isa = XCBuildConfiguration;
			baseConfigurationReference = 97206A37B92EA903A724B7AA /* Pods-Hotels.debug.xcconfig */;
			buildSettings = {
				ASSETCATALOG_COMPILER_APPICON_NAME = AppIcon;
				ASSETCATALOG_COMPILER_GLOBAL_ACCENT_COLOR_NAME = AccentColor;
				CODE_SIGN_STYLE = Automatic;
				CURRENT_PROJECT_VERSION = 1;
				DEVELOPMENT_TEAM = MBM3DWM64M;
				ENABLE_USER_SCRIPT_SANDBOXING = NO;
				GENERATE_INFOPLIST_FILE = YES;
				INFOPLIST_FILE = Hotels/Info.plist;
				INFOPLIST_KEY_UIApplicationSupportsIndirectInputEvents = YES;
				INFOPLIST_KEY_UILaunchStoryboardName = LaunchScreen;
				INFOPLIST_KEY_UISupportedInterfaceOrientations = UIInterfaceOrientationPortrait;
				LD_RUNPATH_SEARCH_PATHS = (
					"$(inherited)",
					"@executable_path/Frameworks",
				);
				MARKETING_VERSION = 1.0;
				PRODUCT_BUNDLE_IDENTIFIER = com.diyor.Hotels;
				PRODUCT_NAME = "$(TARGET_NAME)";
				SWIFT_EMIT_LOC_STRINGS = YES;
				SWIFT_VERSION = 5.0;
				TARGETED_DEVICE_FAMILY = "1,2";
			};
			name = Debug;
		};
		BB4FE30C2B4E9F3800811151 /* Release */ = {
			isa = XCBuildConfiguration;
			baseConfigurationReference = BEE77AF3643EED388D2DB163 /* Pods-Hotels.release.xcconfig */;
			buildSettings = {
				ASSETCATALOG_COMPILER_APPICON_NAME = AppIcon;
				ASSETCATALOG_COMPILER_GLOBAL_ACCENT_COLOR_NAME = AccentColor;
				CODE_SIGN_STYLE = Automatic;
				CURRENT_PROJECT_VERSION = 1;
				DEVELOPMENT_TEAM = MBM3DWM64M;
				ENABLE_USER_SCRIPT_SANDBOXING = NO;
				GENERATE_INFOPLIST_FILE = YES;
				INFOPLIST_FILE = Hotels/Info.plist;
				INFOPLIST_KEY_UIApplicationSupportsIndirectInputEvents = YES;
				INFOPLIST_KEY_UILaunchStoryboardName = LaunchScreen;
				INFOPLIST_KEY_UISupportedInterfaceOrientations = UIInterfaceOrientationPortrait;
				LD_RUNPATH_SEARCH_PATHS = (
					"$(inherited)",
					"@executable_path/Frameworks",
				);
				MARKETING_VERSION = 1.0;
				PRODUCT_BUNDLE_IDENTIFIER = com.diyor.Hotels;
				PRODUCT_NAME = "$(TARGET_NAME)";
				SWIFT_EMIT_LOC_STRINGS = YES;
				SWIFT_VERSION = 5.0;
				TARGETED_DEVICE_FAMILY = "1,2";
			};
			name = Release;
		};
/* End XCBuildConfiguration section */

/* Begin XCConfigurationList section */
		BB4FE2F12B4E9F3500811151 /* Build configuration list for PBXProject "Hotels" */ = {
			isa = XCConfigurationList;
			buildConfigurations = (
				BB4FE3082B4E9F3800811151 /* Debug */,
				BB4FE3092B4E9F3800811151 /* Release */,
			);
			defaultConfigurationIsVisible = 0;
			defaultConfigurationName = Release;
		};
		BB4FE30A2B4E9F3800811151 /* Build configuration list for PBXNativeTarget "Hotels" */ = {
			isa = XCConfigurationList;
			buildConfigurations = (
				BB4FE30B2B4E9F3800811151 /* Debug */,
				BB4FE30C2B4E9F3800811151 /* Release */,
			);
			defaultConfigurationIsVisible = 0;
			defaultConfigurationName = Release;
		};
/* End XCConfigurationList section */
	};
	rootObject = BB4FE2EE2B4E9F3500811151 /* Project object */;
}
